
Microsoft Visual Studio Solution File, Format Version 12.00
# Visual Studio Version 17
VisualStudioVersion = 17.9.34902.65
MinimumVisualStudioVersion = 10.0.40219.1
Project("{FAE04EC0-301F-11D3-BF4B-00C04F79EFBC}") = "LIveCallMessagingDotnetCore", "LIveCallMessagingDotnetCore.csproj", "{AA2A69B9-A9C4-468A-AD27-02727B077AD7}"
EndProject
Project("{FAE04EC0-301F-11D3-BF4B-00C04F79EFBC}") = "LiveCallMessageDotnetCore.Data", "..\LiveCallMessageDotnetCore.Data\LiveCallMessageDotnetCore.Data.csproj", "{D3940BBD-5A1F-455D-8F7C-9E0C3798ED5C}"
EndProject
Global
	GlobalSection(SolutionConfigurationPlatforms) = preSolution
		Debug|Any CPU = Debug|Any CPU
		Release|Any CPU = Release|Any CPU
	EndGlobalSection
	GlobalSection(ProjectConfigurationPlatforms) = postSolution
		{AA2A69B9-A9C4-468A-AD27-02727B077AD7}.Debug|Any CPU.ActiveCfg = Debug|Any CPU
		{AA2A69B9-A9C4-468A-AD27-02727B077AD7}.Debug|Any CPU.Build.0 = Debug|Any CPU
		{AA2A69B9-A9C4-468A-AD27-02727B077AD7}.Release|Any CPU.ActiveCfg = Release|Any CPU
		{AA2A69B9-A9C4-468A-AD27-02727B077AD7}.Release|Any CPU.Build.0 = Release|Any CPU
		{D3940BBD-5A1F-455D-8F7C-9E0C3798ED5C}.Debug|Any CPU.ActiveCfg = Debug|Any CPU
		{D3940BBD-5A1F-455D-8F7C-9E0C3798ED5C}.Debug|Any CPU.Build.0 = Debug|Any CPU
		{D3940BBD-5A1F-455D-8F7C-9E0C3798ED5C}.Release|Any CPU.ActiveCfg = Release|Any CPU
		{D3940BBD-5A1F-455D-8F7C-9E0C3798ED5C}.Release|Any CPU.Build.0 = Release|Any CPU
	EndGlobalSection
	GlobalSection(SolutionProperties) = preSolution
		HideSolutionNode = FALSE
	EndGlobalSection
	GlobalSection(ExtensibilityGlobals) = postSolution
		SolutionGuid = {9DA339B5-8FCD-46DB-A627-0032DF508695}
	EndGlobalSection
EndGlobal
